// !$*UTF8*$!
{
	archiveVersion = 1;
	classes = {
	};
	objectVersion = 46;
	objects = {

/* Begin PBXBuildFile section */
		9028C2121F4AF8BC00406F9B /* AppDelegate.m in Sources */ = {isa = PBXBuildFile; fileRef = 9028C20C1F4AF8BC00406F9B /* AppDelegate.m */; };
		9028C2131F4AF8BC00406F9B /* main.m in Sources */ = {isa = PBXBuildFile; fileRef = 9028C20D1F4AF8BC00406F9B /* main.m */; };
		9028C2141F4AF8BC00406F9B /* OpenGLView.m in Sources */ = {isa = PBXBuildFile; fileRef = 9028C20F1F4AF8BC00406F9B /* OpenGLView.m */; };
		9028C2151F4AF8BC00406F9B /* ViewController.m in Sources */ = {isa = PBXBuildFile; fileRef = 9028C2111F4AF8BC00406F9B /* ViewController.m */; };
/* End PBXBuildFile section */

/* Begin PBXCopyFilesBuildPhase section */
		900D39B81F4AED980087712E /* CopyFiles */ = {
			isa = PBXCopyFilesBuildPhase;
			buildActionMask = 2147483647;
			dstPath = /usr/share/man/man1/;
			dstSubfolderSpec = 0;
			files = (
			);
			runOnlyForDeploymentPostprocessing = 1;
		};
/* End PBXCopyFilesBuildPhase section */

/* Begin PBXFileReference section */
		900D39BA1F4AED980087712E /* Standalone */ = {isa = PBXFileReference; explicitFileType = "compiled.mach-o.executable"; includeInIndex = 0; path = Standalone; sourceTree = BUILT_PRODUCTS_DIR; };
		9028C20B1F4AF8BC00406F9B /* AppDelegate.h */ = {isa = PBXFileReference; fileEncoding = 4; lastKnownFileType = sourcecode.c.h; name = AppDelegate.h; path = Src/AppDelegate.h; sourceTree = SOURCE_ROOT; };
		9028C20C1F4AF8BC00406F9B /* AppDelegate.m */ = {isa = PBXFileReference; fileEncoding = 4; lastKnownFileType = sourcecode.c.objc; name = AppDelegate.m; path = Src/AppDelegate.m; sourceTree = SOURCE_ROOT; };
		9028C20D1F4AF8BC00406F9B /* main.m */ = {isa = PBXFileReference; fileEncoding = 4; lastKnownFileType = sourcecode.c.objc; name = main.m; path = Src/main.m; sourceTree = SOURCE_ROOT; };
		9028C20E1F4AF8BC00406F9B /* OpenGLView.h */ = {isa = PBXFileReference; fileEncoding = 4; lastKnownFileType = sourcecode.c.h; name = OpenGLView.h; path = Src/OpenGLView.h; sourceTree = SOURCE_ROOT; };
		9028C20F1F4AF8BC00406F9B /* OpenGLView.m */ = {isa = PBXFileReference; fileEncoding = 4; lastKnownFileType = sourcecode.c.objc; name = OpenGLView.m; path = Src/OpenGLView.m; sourceTree = SOURCE_ROOT; };
		9028C2101F4AF8BC00406F9B /* ViewController.h */ = {isa = PBXFileReference; fileEncoding = 4; lastKnownFileType = sourcecode.c.h; name = ViewController.h; path = Src/ViewController.h; sourceTree = SOURCE_ROOT; };
		9028C2111F4AF8BC00406F9B /* ViewController.m */ = {isa = PBXFileReference; fileEncoding = 4; lastKnownFileType = sourcecode.c.objc; name = ViewController.m; path = Src/ViewController.m; sourceTree = SOURCE_ROOT; };
/* End PBXFileReference section */

/* Begin PBXFrameworksBuildPhase section */
		900D39B71F4AED980087712E /* Frameworks */ = {
			isa = PBXFrameworksBuildPhase;
			buildActionMask = 2147483647;
			files = (
			);
			runOnlyForDeploymentPostprocessing = 0;
		};
/* End PBXFrameworksBuildPhase section */

/* Begin PBXGroup section */
		900D39B11F4AED980087712E = {
			isa = PBXGroup;
			children = (
				900D39BC1F4AED980087712E /* Src */,
				900D39BB1F4AED980087712E /* Products */,
			);
			sourceTree = "<group>";
		};
		900D39BB1F4AED980087712E /* Products */ = {
			isa = PBXGroup;
			children = (
				900D39BA1F4AED980087712E /* Standalone */,
			);
			name = Products;
			sourceTree = "<group>";
		};
		900D39BC1F4AED980087712E /* Src */ = {
			isa = PBXGroup;
			children = (
				9028C20B1F4AF8BC00406F9B /* AppDelegate.h */,
				9028C20C1F4AF8BC00406F9B /* AppDelegate.m */,
				9028C20D1F4AF8BC00406F9B /* main.m */,
				9028C20E1F4AF8BC00406F9B /* OpenGLView.h */,
				9028C20F1F4AF8BC00406F9B /* OpenGLView.m */,
				9028C2101F4AF8BC00406F9B /* ViewController.h */,
				9028C2111F4AF8BC00406F9B /* ViewController.m */,
			);
			name = Src;
			path = Standalone;
			sourceTree = "<group>";
		};
/* End PBXGroup section */

/* Begin PBXNativeTarget section */
		900D39B91F4AED980087712E /* Standalone */ = {
			isa = PBXNativeTarget;
			buildConfigurationList = 900D39C11F4AED980087712E /* Build configuration list for PBXNativeTarget "Standalone" */;
			buildPhases = (
				900D39B61F4AED980087712E /* Sources */,
				900D39B71F4AED980087712E /* Frameworks */,
				900D39B81F4AED980087712E /* CopyFiles */,
			);
			buildRules = (
			);
			dependencies = (
			);
			name = Standalone;
			productName = Standalone;
			productReference = 900D39BA1F4AED980087712E /* Standalone */;
			productType = "com.apple.product-type.tool";
		};
/* End PBXNativeTarget section */

/* Begin PBXProject section */
		900D39B21F4AED980087712E /* Project object */ = {
			isa = PBXProject;
			attributes = {
				LastUpgradeCheck = 0830;
				ORGANIZATIONNAME = "Michal Majczak";
				TargetAttributes = {
					900D39B91F4AED980087712E = {
						CreatedOnToolsVersion = 8.3.1;
						ProvisioningStyle = Automatic;
					};
				};
			};
			buildConfigurationList = 900D39B51F4AED980087712E /* Build configuration list for PBXProject "Standalone" */;
			compatibilityVersion = "Xcode 3.2";
			developmentRegion = English;
			hasScannedForEncodings = 0;
			knownRegions = (
				en,
			);
			mainGroup = 900D39B11F4AED980087712E;
			productRefGroup = 900D39BB1F4AED980087712E /* Products */;
			projectDirPath = "";
			projectRoot = "";
			targets = (
				900D39B91F4AED980087712E /* Standalone */,
			);
		};
/* End PBXProject section */

/* Begin PBXSourcesBuildPhase section */
		900D39B61F4AED980087712E /* Sources */ = {
			isa = PBXSourcesBuildPhase;
			buildActionMask = 2147483647;
			files = (
				9028C2131F4AF8BC00406F9B /* main.m in Sources */,
				9028C2141F4AF8BC00406F9B /* OpenGLView.m in Sources */,
				9028C2151F4AF8BC00406F9B /* ViewController.m in Sources */,
				9028C2121F4AF8BC00406F9B /* AppDelegate.m in Sources */,
			);
			runOnlyForDeploymentPostprocessing = 0;
		};
/* End PBXSourcesBuildPhase section */

/* Begin XCBuildConfiguration section */
		900D39BF1F4AED980087712E /* Debug */ = {
			isa = XCBuildConfiguration;
			buildSettings = {
				ALWAYS_SEARCH_USER_PATHS = NO;
				CLANG_ANALYZER_NONNULL = YES;
				CLANG_ANALYZER_NUMBER_OBJECT_CONVERSION = YES_AGGRESSIVE;
				CLANG_CXX_LANGUAGE_STANDARD = "gnu++0x";
				CLANG_CXX_LIBRARY = "libc++";
				CLANG_ENABLE_MODULES = YES;
				CLANG_ENABLE_OBJC_ARC = YES;
				CLANG_WARN_BOOL_CONVERSION = YES;
				CLANG_WARN_CONSTANT_CONVERSION = YES;
				CLANG_WARN_DIRECT_OBJC_ISA_USAGE = YES_ERROR;
				CLANG_WARN_DOCUMENTATION_COMMENTS = YES;
				CLANG_WARN_EMPTY_BODY = YES;
				CLANG_WARN_ENUM_CONVERSION = YES;
				CLANG_WARN_INFINITE_RECURSION = YES;
				CLANG_WARN_INT_CONVERSION = YES;
				CLANG_WARN_OBJC_ROOT_CLASS = YES_ERROR;
				CLANG_WARN_SUSPICIOUS_MOVE = YES;
				CLANG_WARN_UNREACHABLE_CODE = YES;
				CLANG_WARN__DUPLICATE_METHOD_MATCH = YES;
				CODE_SIGN_IDENTITY = "-";
				COPY_PHASE_STRIP = NO;
				DEBUG_INFORMATION_FORMAT = dwarf;
				ENABLE_STRICT_OBJC_MSGSEND = YES;
				ENABLE_TESTABILITY = YES;
				GCC_C_LANGUAGE_STANDARD = gnu99;
				GCC_DYNAMIC_NO_PIC = NO;
				GCC_NO_COMMON_BLOCKS = YES;
				GCC_OPTIMIZATION_LEVEL = 0;
				GCC_PREPROCESSOR_DEFINITIONS = (
					"DEBUG=1",
					"$(inherited)",
				);
				GCC_WARN_64_TO_32_BIT_CONVERSION = YES;
				GCC_WARN_ABOUT_RETURN_TYPE = YES_ERROR;
				GCC_WARN_UNDECLARED_SELECTOR = YES;
				GCC_WARN_UNINITIALIZED_AUTOS = YES_AGGRESSIVE;
				GCC_WARN_UNUSED_FUNCTION = YES;
				GCC_WARN_UNUSED_VARIABLE = YES;
				MACOSX_DEPLOYMENT_TARGET = 10.12;
				MTL_ENABLE_DEBUG_INFO = YES;
				ONLY_ACTIVE_ARCH = YES;
				SDKROOT = macosx;
			};
			name = Debug;
		};
		900D39C01F4AED980087712E /* Release */ = {
			isa = XCBuildConfiguration;
			buildSettings = {
				ALWAYS_SEARCH_USER_PATHS = NO;
				CLANG_ANALYZER_NONNULL = YES;
				CLANG_ANALYZER_NUMBER_OBJECT_CONVERSION = YES_AGGRESSIVE;
				CLANG_CXX_LANGUAGE_STANDARD = "gnu++0x";
				CLANG_CXX_LIBRARY = "libc++";
				CLANG_ENABLE_MODULES = YES;
				CLANG_ENABLE_OBJC_ARC = YES;
				CLANG_WARN_BOOL_CONVERSION = YES;
				CLANG_WARN_CONSTANT_CONVERSION = YES;
				CLANG_WARN_DIRECT_OBJC_ISA_USAGE = YES_ERROR;
				CLANG_WARN_DOCUMENTATION_COMMENTS = YES;
				CLANG_WARN_EMPTY_BODY = YES;
				CLANG_WARN_ENUM_CONVERSION = YES;
				CLANG_WARN_INFINITE_RECURSION = YES;
				CLANG_WARN_INT_CONVERSION = YES;
				CLANG_WARN_OBJC_ROOT_CLASS = YES_ERROR;
				CLANG_WARN_SUSPICIOUS_MOVE = YES;
				CLANG_WARN_UNREACHABLE_CODE = YES;
				CLANG_WARN__DUPLICATE_METHOD_MATCH = YES;
				CODE_SIGN_IDENTITY = "-";
				COPY_PHASE_STRIP = NO;
				DEBUG_INFORMATION_FORMAT = "dwarf-with-dsym";
				ENABLE_NS_ASSERTIONS = NO;
				ENABLE_STRICT_OBJC_MSGSEND = YES;
				GCC_C_LANGUAGE_STANDARD = gnu99;
				GCC_NO_COMMON_BLOCKS = YES;
				GCC_WARN_64_TO_32_BIT_CONVERSION = YES;
				GCC_WARN_ABOUT_RETURN_TYPE = YES_ERROR;
				GCC_WARN_UNDECLARED_SELECTOR = YES;
				GCC_WARN_UNINITIALIZED_AUTOS = YES_AGGRESSIVE;
				GCC_WARN_UNUSED_FUNCTION = YES;
				GCC_WARN_UNUSED_VARIABLE = YES;
				MACOSX_DEPLOYMENT_TARGET = 10.12;
				MTL_ENABLE_DEBUG_INFO = NO;
				SDKROOT = macosx;
			};
			name = Release;
		};
		900D39C21F4AED980087712E /* Debug */ = {
			isa = XCBuildConfiguration;
			buildSettings = {
				PRODUCT_NAME = "$(TARGET_NAME)";
			};
			name = Debug;
		};
		900D39C31F4AED980087712E /* Release */ = {
			isa = XCBuildConfiguration;
			buildSettings = {
				PRODUCT_NAME = "$(TARGET_NAME)";
			};
			name = Release;
		};
/* End XCBuildConfiguration section */

/* Begin XCConfigurationList section */
		900D39B51F4AED980087712E /* Build configuration list for PBXProject "Standalone" */ = {
			isa = XCConfigurationList;
			buildConfigurations = (
				900D39BF1F4AED980087712E /* Debug */,
				900D39C01F4AED980087712E /* Release */,
			);
			defaultConfigurationIsVisible = 0;
			defaultConfigurationName = Release;
		};
		900D39C11F4AED980087712E /* Build configuration list for PBXNativeTarget "Standalone" */ = {
			isa = XCConfigurationList;
			buildConfigurations = (
				900D39C21F4AED980087712E /* Debug */,
				900D39C31F4AED980087712E /* Release */,
			);
			defaultConfigurationIsVisible = 0;
			defaultConfigurationName = Release;
		};
/* End XCConfigurationList section */
	};
	rootObject = 900D39B21F4AED980087712E /* Project object */;
}
