<?xml version="1.0" encoding="utf-8"?>
<Project ToolsVersion="4.0" xmlns="http://schemas.microsoft.com/developer/msbuild/2003">
  <ItemGroup>
    <Filter Include="Source Files">
      <UniqueIdentifier>{4FC737F1-C7A5-4376-A066-2A32D752A2FF}</UniqueIdentifier>
      <Extensions>cpp;c;cc;cxx;def;odl;idl;hpj;bat;asm;asmx</Extensions>
    </Filter>
    <Filter Include="Resource Files">
      <UniqueIdentifier>{67DA6AB6-F800-4c08-8B7A-83BB121AAD01}</UniqueIdentifier>
      <Extensions>rc;ico;cur;bmp;dlg;rc2;rct;bin;rgs;gif;jpg;jpeg;jpe;resx;tiff;tif;png;wav;mfcribbon-ms</Extensions>
    </Filter>
    <Filter Include="Source Files\Impl">
      <UniqueIdentifier>{904335d2-5c41-4c10-96f4-58692e8e0e5c}</UniqueIdentifier>
    </Filter>
    <Filter Include="Source Files\RenderingPasses">
      <UniqueIdentifier>{826d17ac-3499-45fb-b848-b8f449afa1e7}</UniqueIdentifier>
    </Filter>
    <Filter Include="Source Files\RenderingPasses\BasePasses">
      <UniqueIdentifier>{36ad4b13-7a12-42e7-b2bf-e8b119442549}</UniqueIdentifier>
    </Filter>
    <Filter Include="Source Files\RenderingPasses\DebugPasses">
      <UniqueIdentifier>{cd052487-08f6-4b21-a640-72817e6999c6}</UniqueIdentifier>
    </Filter>
    <Filter Include="Source Files\RenderingPasses\PostprocessPasses">
      <UniqueIdentifier>{cc225310-6aae-4a18-9543-869e2e8d4173}</UniqueIdentifier>
    </Filter>
    <Filter Include="Source Files\RenderingPasses\Primitives">
      <UniqueIdentifier>{2cf2e8b9-8c71-46ef-ab5e-7d2ede7dbdac}</UniqueIdentifier>
    </Filter>
  </ItemGroup>
  <ItemGroup>
    <ClInclude Include="Src\GLRenderingDevice.hpp">
      <Filter>Source Files</Filter>
    </ClInclude>
    <ClInclude Include="Src\GLMeshDeviceProxy.hpp">
      <Filter>Source Files\Impl</Filter>
    </ClInclude>
    <ClInclude Include="Src\GLTextFieldBufferDeviceProxy.hpp">
      <Filter>Source Files\Impl</Filter>
    </ClInclude>
    <ClInclude Include="Src\GLTextureDeviceProxy.hpp">
      <Filter>Source Files\Impl</Filter>
    </ClInclude>
    <ClInclude Include="Src\GLUtils.hpp">
      <Filter>Source Files\Impl</Filter>
    </ClInclude>
    <ClInclude Include="Src\GLShaderProgram.hpp">
      <Filter>Source Files\Impl</Filter>
    </ClInclude>
    <ClInclude Include="Src\RenderingPassBase.hpp">
      <Filter>Source Files\RenderingPasses</Filter>
    </ClInclude>
    <ClInclude Include="Src\BlinnPhongRenderingPass.hpp">
      <Filter>Source Files\RenderingPasses\BasePasses</Filter>
    </ClInclude>
    <ClInclude Include="Src\Text2DRenderingPass.hpp">
      <Filter>Source Files\RenderingPasses\BasePasses</Filter>
    </ClInclude>
    <ClInclude Include="Src\DebugNormalsRenderingPass.hpp">
      <Filter>Source Files\RenderingPasses\DebugPasses</Filter>
    </ClInclude>
    <ClInclude Include="Src\PostprocessRenderingPass.hpp">
      <Filter>Source Files\RenderingPasses\PostprocessPasses</Filter>
    </ClInclude>
    <ClInclude Include="Src\TransparentRenderingPass.hpp">
      <Filter>Source Files\RenderingPasses\BasePasses</Filter>
    </ClInclude>
    <ClInclude Include="Src\UnlitRenderingPass.hpp">
      <Filter>Source Files\RenderingPasses\DebugPasses</Filter>
    </ClInclude>
    <ClInclude Include="Src\DebugNormalsWireframeRenderingPass.hpp">
      <Filter>Source Files\RenderingPasses\DebugPasses</Filter>
    </ClInclude>
    <ClInclude Include="Src\GLCubemapDeviceProxy.hpp">
      <Filter>Source Files\Impl</Filter>
    </ClInclude>
    <ClInclude Include="Src\SkyboxRenderingPass.hpp">
      <Filter>Source Files\RenderingPasses\BasePasses</Filter>
    </ClInclude>
    <ClInclude Include="Src\PostprocessQuad.hpp">
      <Filter>Source Files\RenderingPasses\Primitives</Filter>
    </ClInclude>
    <ClInclude Include="Src\PrimitiveCube.hpp">
      <Filter>Source Files\RenderingPasses\Primitives</Filter>
    </ClInclude>
  </ItemGroup>
  <ItemGroup>
    <ClCompile Include="Src\GLRenderingDevice.cpp">
      <Filter>Source Files</Filter>
    </ClCompile>
    <ClCompile Include="Src\GLMeshDeviceProxy.cpp">
      <Filter>Source Files\Impl</Filter>
    </ClCompile>
    <ClCompile Include="Src\GLTextFieldBufferDeviceProxy.cpp">
      <Filter>Source Files\Impl</Filter>
    </ClCompile>
    <ClCompile Include="Src\GLTextureDeviceProxy.cpp">
      <Filter>Source Files\Impl</Filter>
    </ClCompile>
    <ClCompile Include="Src\GLWorldRendering.cpp">
      <Filter>Source Files\Impl</Filter>
    </ClCompile>
    <ClCompile Include="Src\GLShaderProgram.cpp">
      <Filter>Source Files\Impl</Filter>
    </ClCompile>
    <ClCompile Include="Src\RenderingPassBase.cpp">
      <Filter>Source Files\RenderingPasses</Filter>
    </ClCompile>
    <ClCompile Include="Src\BlinnPhongRenderingPass.cpp">
      <Filter>Source Files\RenderingPasses\BasePasses</Filter>
    </ClCompile>
    <ClCompile Include="Src\Text2DRenderingPass.cpp">
      <Filter>Source Files\RenderingPasses\BasePasses</Filter>
    </ClCompile>
    <ClCompile Include="Src\DebugNormalsRenderingPass.cpp">
      <Filter>Source Files\RenderingPasses\DebugPasses</Filter>
    </ClCompile>
    <ClCompile Include="Src\PostprocessRenderingPass.cpp">
      <Filter>Source Files\RenderingPasses\PostprocessPasses</Filter>
    </ClCompile>
    <ClCompile Include="Src\TransparentRenderingPass.cpp">
      <Filter>Source Files\RenderingPasses\BasePasses</Filter>
    </ClCompile>
    <ClCompile Include="Src\UnlitRenderingPass.cpp">
      <Filter>Source Files\RenderingPasses\DebugPasses</Filter>
    </ClCompile>
    <ClCompile Include="Src\DebugNormalsWireframeRenderingPass.cpp">
      <Filter>Source Files\RenderingPasses\DebugPasses</Filter>
    </ClCompile>
    <ClCompile Include="Src\GLCubemapDeviceProxy.cpp">
      <Filter>Source Files\Impl</Filter>
    </ClCompile>
    <ClCompile Include="Src\SkyboxRenderingPass.cpp">
      <Filter>Source Files\RenderingPasses\BasePasses</Filter>
    </ClCompile>
    <ClCompile Include="Src\PostprocessQuad.cpp">
      <Filter>Source Files\RenderingPasses\Primitives</Filter>
    </ClCompile>
    <ClCompile Include="Src\PrimitiveCube.cpp">
      <Filter>Source Files\RenderingPasses\Primitives</Filter>
    </ClCompile>
  </ItemGroup>
</Project>