<?xml version="1.0" encoding="utf-8"?>
<Project ToolsVersion="4.0" xmlns="http://schemas.microsoft.com/developer/msbuild/2003">
  <ItemGroup>
    <ClCompile Include="Src\BaseObject.cpp" />
    <ClCompile Include="Src\BinaryBuffer.cpp" />
    <ClCompile Include="Src\Color.cpp" />
    <ClCompile Include="Src\CorePCH.cpp" />
    <ClCompile Include="Src\Logger.cpp" />
    <ClCompile Include="Src\Matrix.cpp" />
    <ClCompile Include="Src\Quaternion.cpp" />
    <ClCompile Include="Src\AABox.cpp" />
    <ClCompile Include="Src\RefCountedBase.cpp" />
    <ClCompile Include="Src\SimdMath.cpp" />
    <ClCompile Include="src\String.cpp" />
    <ClCompile Include="Src\UniqueID.cpp" />
    <ClCompile Include="Src\Vector.cpp" />
    <ClCompile Include="Src\Vector2f.cpp" />
    <ClCompile Include="Src\Vector2i.cpp" />
  </ItemGroup>
  <ItemGroup>
    <ClInclude Include="Src\Allocator.hpp" />
    <ClInclude Include="Src\Angle.hpp" />
    <ClInclude Include="Src\BaseObject.hpp" />
    <ClInclude Include="Src\BasicMath.hpp" />
    <ClInclude Include="Src\BinaryBuffer.hpp" />
    <ClInclude Include="Src\Color.hpp" />
    <ClInclude Include="Src\Core.hpp" />
    <ClInclude Include="Src\CorePCH.hpp" />
    <ClInclude Include="Src\Defines.hpp" />
    <ClInclude Include="Src\Dynarray.hpp" />
    <ClInclude Include="Src\EnumUtils.hpp" />
    <ClInclude Include="Src\FileIO.hpp" />
    <ClInclude Include="Src\IterablePoolAllocator.hpp" />
    <ClInclude Include="Src\Logger.hpp" />
    <ClInclude Include="Src\Matrix.hpp" />
    <ClInclude Include="Src\ObjectLifetimeHelpers.hpp" />
    <ClInclude Include="Src\PoolAllocator.hpp" />
    <ClInclude Include="Src\Quaternion.hpp" />
    <ClInclude Include="Src\Queue.hpp" />
    <ClInclude Include="Src\AABox.hpp" />
    <ClInclude Include="Src\RefCountedBase.hpp" />
    <ClInclude Include="Src\SimdMath.hpp" />
    <ClInclude Include="Src\String.hpp" />
    <ClInclude Include="Src\UniqueID.hpp" />
    <ClInclude Include="Src\Vector.hpp" />
    <ClInclude Include="Src\Vector2f.hpp" />
    <ClInclude Include="Src\Vector2i.hpp" />
  </ItemGroup>
</Project>