<?xml version="1.0" encoding="utf-8"?>
<Project ToolsVersion="4.0" xmlns="http://schemas.microsoft.com/developer/msbuild/2003">
  <ItemGroup>
    <Filter Include="Source Files">
      <UniqueIdentifier>{4FC737F1-C7A5-4376-A066-2A32D752A2FF}</UniqueIdentifier>
      <Extensions>cpp;c;cc;cxx;def;odl;idl;hpj;bat;asm;asmx</Extensions>
    </Filter>
    <Filter Include="Resource Files">
      <UniqueIdentifier>{67DA6AB6-F800-4c08-8B7A-83BB121AAD01}</UniqueIdentifier>
      <Extensions>rc;ico;cur;bmp;dlg;rc2;rct;bin;rgs;gif;jpg;jpeg;jpe;resx;tiff;tif;png;wav;mfcribbon-ms</Extensions>
    </Filter>
    <Filter Include="Source Files\Impl">
      <UniqueIdentifier>{904335d2-5c41-4c10-96f4-58692e8e0e5c}</UniqueIdentifier>
    </Filter>
  </ItemGroup>
  <ItemGroup>
    <ClInclude Include="Src\GLRenderingDevice.hpp">
      <Filter>Source Files</Filter>
    </ClInclude>
    <ClInclude Include="Src\GLMeshDeviceProxy.hpp">
      <Filter>Source Files\Impl</Filter>
    </ClInclude>
    <ClInclude Include="Src\GLTextFieldBufferDeviceProxy.hpp">
      <Filter>Source Files\Impl</Filter>
    </ClInclude>
    <ClInclude Include="Src\GLTextureDeviceProxy.hpp">
      <Filter>Source Files\Impl</Filter>
    </ClInclude>
    <ClInclude Include="Src\GLUtils.hpp">
      <Filter>Source Files\Impl</Filter>
    </ClInclude>
    <ClInclude Include="Src\GLShaderProgram.hpp">
      <Filter>Source Files\Impl</Filter>
    </ClInclude>
  </ItemGroup>
  <ItemGroup>
    <ClCompile Include="Src\GLRenderingDevice.cpp">
      <Filter>Source Files</Filter>
    </ClCompile>
    <ClCompile Include="Src\GLMeshDeviceProxy.cpp">
      <Filter>Source Files\Impl</Filter>
    </ClCompile>
    <ClCompile Include="Src\GLTextFieldBufferDeviceProxy.cpp">
      <Filter>Source Files\Impl</Filter>
    </ClCompile>
    <ClCompile Include="Src\GLTextureDeviceProxy.cpp">
      <Filter>Source Files\Impl</Filter>
    </ClCompile>
    <ClCompile Include="Src\GLWorldRendering.cpp">
      <Filter>Source Files\Impl</Filter>
    </ClCompile>
    <ClCompile Include="Src\GLShaderProgram.cpp">
      <Filter>Source Files\Impl</Filter>
    </ClCompile>
  </ItemGroup>
</Project>