<?xml version="1.0" encoding="utf-8"?>
<Project ToolsVersion="4.0" xmlns="http://schemas.microsoft.com/developer/msbuild/2003">
  <ItemGroup>
    <Filter Include="Source Files">
      <UniqueIdentifier>{4FC737F1-C7A5-4376-A066-2A32D752A2FF}</UniqueIdentifier>
      <Extensions>cpp;c;cc;cxx;def;odl;idl;hpj;bat;asm;asmx</Extensions>
    </Filter>
    <Filter Include="Resource Files">
      <UniqueIdentifier>{67DA6AB6-F800-4c08-8B7A-83BB121AAD01}</UniqueIdentifier>
      <Extensions>rc;ico;cur;bmp;dlg;rc2;rct;bin;rgs;gif;jpg;jpeg;jpe;resx;tiff;tif;png;wav;mfcribbon-ms</Extensions>
    </Filter>
    <Filter Include="Source Files\Rendering">
      <UniqueIdentifier>{f48851b3-7ccb-4799-8ac7-243375d24468}</UniqueIdentifier>
    </Filter>
    <Filter Include="Source Files\Rendering\OpenGL">
      <UniqueIdentifier>{50231bcb-f6f7-40a2-960c-e9a4c44f55dc}</UniqueIdentifier>
    </Filter>
    <Filter Include="Source Files\ECS">
      <UniqueIdentifier>{a91a3841-1dfa-487a-8c5f-0f2bdb72b027}</UniqueIdentifier>
    </Filter>
    <Filter Include="Source Files\Input">
      <UniqueIdentifier>{5e279a35-87e8-4562-a7a7-33c911d78d8b}</UniqueIdentifier>
    </Filter>
    <Filter Include="Source Files\ECS\Components">
      <UniqueIdentifier>{4953f608-4d6d-49c7-83d2-972aeb278924}</UniqueIdentifier>
    </Filter>
    <Filter Include="Source Files\Rendering\Camera">
      <UniqueIdentifier>{3b018cb8-bb36-428d-9263-6dd1c140381c}</UniqueIdentifier>
    </Filter>
    <Filter Include="Source Files\Rendering\MeshRendering">
      <UniqueIdentifier>{0a50528e-4ed6-482a-91cd-f3c7e36090b3}</UniqueIdentifier>
    </Filter>
    <Filter Include="Source Files\Viewport">
      <UniqueIdentifier>{22c76440-d7f2-4aea-bfd0-5271c4396e83}</UniqueIdentifier>
    </Filter>
    <Filter Include="Source Files\Resources">
      <UniqueIdentifier>{3ef76f39-e705-4066-93a8-18ed628b2a2e}</UniqueIdentifier>
    </Filter>
    <Filter Include="Source Files\Time">
      <UniqueIdentifier>{7ff56e66-ac0d-4f46-88dd-73a53f54c1da}</UniqueIdentifier>
    </Filter>
    <Filter Include="Source Files\Movement">
      <UniqueIdentifier>{ce34e806-09b8-412f-8c29-e5e45348fe3b}</UniqueIdentifier>
    </Filter>
    <Filter Include="Source Files\Config">
      <UniqueIdentifier>{e435be88-e4b2-40bb-9cff-9c8a9f54ab46}</UniqueIdentifier>
    </Filter>
  </ItemGroup>
  <ItemGroup>
    <ClCompile Include="Src\Engine.cpp">
      <Filter>Source Files</Filter>
    </ClCompile>
    <ClCompile Include="Src\OpenGLRenderingContext.cpp">
      <Filter>Source Files\Rendering\OpenGL</Filter>
    </ClCompile>
    <ClCompile Include="Src\Entity.cpp">
      <Filter>Source Files\ECS</Filter>
    </ClCompile>
    <ClCompile Include="Src\World.cpp">
      <Filter>Source Files\ECS</Filter>
    </ClCompile>
    <ClCompile Include="Src\TransformComponent.cpp">
      <Filter>Source Files\ECS\Components</Filter>
    </ClCompile>
    <ClCompile Include="Src\CameraComponent.cpp">
      <Filter>Source Files\Rendering\Camera</Filter>
    </ClCompile>
    <ClCompile Include="Src\CameraSystem.cpp">
      <Filter>Source Files\Rendering\Camera</Filter>
    </ClCompile>
    <ClCompile Include="Src\MeshRenderingComponent.cpp">
      <Filter>Source Files\Rendering\MeshRendering</Filter>
    </ClCompile>
    <ClCompile Include="Src\RenderingSystem.cpp">
      <Filter>Source Files\Rendering\MeshRendering</Filter>
    </ClCompile>
    <ClCompile Include="Src\ShaderProgram.cpp">
      <Filter>Source Files\Rendering\OpenGL</Filter>
    </ClCompile>
    <ClCompile Include="Src\InputSystem.cpp">
      <Filter>Source Files\Input</Filter>
    </ClCompile>
    <ClCompile Include="Src\InputWorldComponent.cpp">
      <Filter>Source Files\Input</Filter>
    </ClCompile>
    <ClCompile Include="Src\EnginePCH.cpp">
      <Filter>Source Files</Filter>
    </ClCompile>
    <ClCompile Include="Src\ViewportWorldComponent.cpp">
      <Filter>Source Files\Viewport</Filter>
    </ClCompile>
    <ClCompile Include="Src\ResourceManager.cpp">
      <Filter>Source Files\Resources</Filter>
    </ClCompile>
    <ClCompile Include="Src\TimeWorldComponent.cpp">
      <Filter>Source Files\Time</Filter>
    </ClCompile>
    <ClCompile Include="Src\TimeSystem.cpp">
      <Filter>Source Files\Time</Filter>
    </ClCompile>
    <ClCompile Include="Src\Timer.cpp">
      <Filter>Source Files\Time</Filter>
    </ClCompile>
    <ClCompile Include="Src\GLTextureResource.cpp">
      <Filter>Source Files\Resources</Filter>
    </ClCompile>
    <ClCompile Include="Src\GLMeshResource.cpp">
      <Filter>Source Files\Resources</Filter>
    </ClCompile>
    <ClCompile Include="Src\MovementSystem.cpp">
      <Filter>Source Files\Movement</Filter>
    </ClCompile>
    <ClCompile Include="Src\FreeFloatMovementComponent.cpp">
      <Filter>Source Files\Movement</Filter>
    </ClCompile>
    <ClCompile Include="Src\CoreConfig.cpp">
      <Filter>Source Files\Config</Filter>
    </ClCompile>
  </ItemGroup>
  <ItemGroup>
    <ClInclude Include="Src\Engine.hpp">
      <Filter>Source Files</Filter>
    </ClInclude>
    <ClInclude Include="Src\OpenGLRenderingContext.hpp">
      <Filter>Source Files\Rendering\OpenGL</Filter>
    </ClInclude>
    <ClInclude Include="Src\RenderingContext.hpp">
      <Filter>Source Files\Rendering</Filter>
    </ClInclude>
    <ClInclude Include="Src\Entity.hpp">
      <Filter>Source Files\ECS</Filter>
    </ClInclude>
    <ClInclude Include="Src\World.hpp">
      <Filter>Source Files\ECS</Filter>
    </ClInclude>
    <ClInclude Include="Src\ComponentBase.hpp">
      <Filter>Source Files\ECS</Filter>
    </ClInclude>
    <ClInclude Include="Src\InputQueue.hpp">
      <Filter>Source Files\Input</Filter>
    </ClInclude>
    <ClInclude Include="Src\KeyBindings.hpp">
      <Filter>Source Files\Input</Filter>
    </ClInclude>
    <ClInclude Include="Src\TransformComponent.hpp">
      <Filter>Source Files\ECS\Components</Filter>
    </ClInclude>
    <ClInclude Include="Src\CameraComponent.hpp">
      <Filter>Source Files\Rendering\Camera</Filter>
    </ClInclude>
    <ClInclude Include="Src\CameraSystem.hpp">
      <Filter>Source Files\Rendering\Camera</Filter>
    </ClInclude>
    <ClInclude Include="Src\MeshRenderingComponent.hpp">
      <Filter>Source Files\Rendering\MeshRendering</Filter>
    </ClInclude>
    <ClInclude Include="Src\RenderingSystem.hpp">
      <Filter>Source Files\Rendering\MeshRendering</Filter>
    </ClInclude>
    <ClInclude Include="Src\ShaderProgram.hpp">
      <Filter>Source Files\Rendering\OpenGL</Filter>
    </ClInclude>
    <ClInclude Include="Src\InputWorldComponent.hpp">
      <Filter>Source Files\Input</Filter>
    </ClInclude>
    <ClInclude Include="Src\InputSystem.hpp">
      <Filter>Source Files\Input</Filter>
    </ClInclude>
    <ClInclude Include="Src\EnginePCH.hpp">
      <Filter>Source Files</Filter>
    </ClInclude>
    <ClInclude Include="Src\Viewport.hpp">
      <Filter>Source Files\Viewport</Filter>
    </ClInclude>
    <ClInclude Include="Src\ViewportWorldComponent.hpp">
      <Filter>Source Files\Viewport</Filter>
    </ClInclude>
    <ClInclude Include="Src\ResourceManager.hpp">
      <Filter>Source Files\Resources</Filter>
    </ClInclude>
    <ClInclude Include="Src\TimeWorldComponent.hpp">
      <Filter>Source Files\Time</Filter>
    </ClInclude>
    <ClInclude Include="Src\TimeSystem.hpp">
      <Filter>Source Files\Time</Filter>
    </ClInclude>
    <ClInclude Include="Src\Timer.hpp">
      <Filter>Source Files\Time</Filter>
    </ClInclude>
    <ClInclude Include="Src\GLTextureResource.hpp">
      <Filter>Source Files\Resources</Filter>
    </ClInclude>
    <ClInclude Include="Src\ResourceBase.hpp">
      <Filter>Source Files\Resources</Filter>
    </ClInclude>
    <ClInclude Include="Src\GLMeshResource.hpp">
      <Filter>Source Files\Resources</Filter>
    </ClInclude>
    <ClInclude Include="Src\OpenGLUtils.hpp">
      <Filter>Source Files\Rendering\OpenGL</Filter>
    </ClInclude>
    <ClInclude Include="Src\MovementSystem.hpp">
      <Filter>Source Files\Movement</Filter>
    </ClInclude>
    <ClInclude Include="Src\FreeFloatMovementComponent.hpp">
      <Filter>Source Files\Movement</Filter>
    </ClInclude>
    <ClInclude Include="Src\CoreConfig.hpp">
      <Filter>Source Files\Config</Filter>
    </ClInclude>
  </ItemGroup>
</Project>