<?xml version="1.0" encoding="utf-8"?>
<Project ToolsVersion="4.0" xmlns="http://schemas.microsoft.com/developer/msbuild/2003">
  <ItemGroup>
    <Filter Include="Source Files">
      <UniqueIdentifier>{4FC737F1-C7A5-4376-A066-2A32D752A2FF}</UniqueIdentifier>
      <Extensions>cpp;c;cc;cxx;def;odl;idl;hpj;bat;asm;asmx</Extensions>
    </Filter>
    <Filter Include="Resource Files">
      <UniqueIdentifier>{67DA6AB6-F800-4c08-8B7A-83BB121AAD01}</UniqueIdentifier>
      <Extensions>rc;ico;cur;bmp;dlg;rc2;rct;bin;rgs;gif;jpg;jpeg;jpe;resx;tiff;tif;png;wav;mfcribbon-ms</Extensions>
    </Filter>
    <Filter Include="Source Files\Rendering">
      <UniqueIdentifier>{f48851b3-7ccb-4799-8ac7-243375d24468}</UniqueIdentifier>
    </Filter>
    <Filter Include="Source Files\Rendering\OpenGL">
      <UniqueIdentifier>{50231bcb-f6f7-40a2-960c-e9a4c44f55dc}</UniqueIdentifier>
    </Filter>
    <Filter Include="Source Files\ECS">
      <UniqueIdentifier>{a91a3841-1dfa-487a-8c5f-0f2bdb72b027}</UniqueIdentifier>
    </Filter>
    <Filter Include="Source Files\Input">
      <UniqueIdentifier>{5e279a35-87e8-4562-a7a7-33c911d78d8b}</UniqueIdentifier>
    </Filter>
  </ItemGroup>
  <ItemGroup>
    <ClCompile Include="Src\Engine.cpp">
      <Filter>Source Files</Filter>
    </ClCompile>
    <ClCompile Include="Src\OpenGLRenderingContext.cpp">
      <Filter>Source Files\Rendering\OpenGL</Filter>
    </ClCompile>
    <ClCompile Include="Src\Entity.cpp">
      <Filter>Source Files\ECS</Filter>
    </ClCompile>
    <ClCompile Include="Src\SystemBase.cpp">
      <Filter>Source Files\ECS</Filter>
    </ClCompile>
    <ClCompile Include="Src\World.cpp">
      <Filter>Source Files\ECS</Filter>
    </ClCompile>
    <ClCompile Include="Src\ComponentBase.cpp">
      <Filter>Source Files\ECS</Filter>
    </ClCompile>
  </ItemGroup>
  <ItemGroup>
    <ClInclude Include="Src\Engine.hpp">
      <Filter>Source Files</Filter>
    </ClInclude>
    <ClInclude Include="Src\OpenGLRenderingContext.hpp">
      <Filter>Source Files\Rendering\OpenGL</Filter>
    </ClInclude>
    <ClInclude Include="Src\RenderingContext.hpp">
      <Filter>Source Files\Rendering</Filter>
    </ClInclude>
    <ClInclude Include="Src\Entity.hpp">
      <Filter>Source Files\ECS</Filter>
    </ClInclude>
    <ClInclude Include="Src\SystemBase.hpp">
      <Filter>Source Files\ECS</Filter>
    </ClInclude>
    <ClInclude Include="Src\World.hpp">
      <Filter>Source Files\ECS</Filter>
    </ClInclude>
    <ClInclude Include="Src\ComponentBase.hpp">
      <Filter>Source Files\ECS</Filter>
    </ClInclude>
  </ItemGroup>
</Project>