<?xml version="1.0" encoding="utf-8"?>
<Project ToolsVersion="4.0" xmlns="http://schemas.microsoft.com/developer/msbuild/2003">
  <ItemGroup>
    <Filter Include="Source Files">
      <UniqueIdentifier>{4FC737F1-C7A5-4376-A066-2A32D752A2FF}</UniqueIdentifier>
      <Extensions>cpp;c;cc;cxx;def;odl;idl;hpj;bat;asm;asmx</Extensions>
    </Filter>
    <Filter Include="Resource Files">
      <UniqueIdentifier>{67DA6AB6-F800-4c08-8B7A-83BB121AAD01}</UniqueIdentifier>
      <Extensions>rc;ico;cur;bmp;dlg;rc2;rct;bin;rgs;gif;jpg;jpeg;jpe;resx;tiff;tif;png;wav;mfcribbon-ms</Extensions>
    </Filter>
    <Filter Include="Source Files\Rendering">
      <UniqueIdentifier>{f48851b3-7ccb-4799-8ac7-243375d24468}</UniqueIdentifier>
    </Filter>
    <Filter Include="Source Files\ECS">
      <UniqueIdentifier>{a91a3841-1dfa-487a-8c5f-0f2bdb72b027}</UniqueIdentifier>
    </Filter>
    <Filter Include="Source Files\Input">
      <UniqueIdentifier>{5e279a35-87e8-4562-a7a7-33c911d78d8b}</UniqueIdentifier>
    </Filter>
    <Filter Include="Source Files\Rendering\Camera">
      <UniqueIdentifier>{3b018cb8-bb36-428d-9263-6dd1c140381c}</UniqueIdentifier>
    </Filter>
    <Filter Include="Source Files\Rendering\MeshRendering">
      <UniqueIdentifier>{0a50528e-4ed6-482a-91cd-f3c7e36090b3}</UniqueIdentifier>
    </Filter>
    <Filter Include="Source Files\Viewport">
      <UniqueIdentifier>{22c76440-d7f2-4aea-bfd0-5271c4396e83}</UniqueIdentifier>
    </Filter>
    <Filter Include="Source Files\Resources">
      <UniqueIdentifier>{3ef76f39-e705-4066-93a8-18ed628b2a2e}</UniqueIdentifier>
    </Filter>
    <Filter Include="Source Files\Time">
      <UniqueIdentifier>{7ff56e66-ac0d-4f46-88dd-73a53f54c1da}</UniqueIdentifier>
    </Filter>
    <Filter Include="Source Files\Movement">
      <UniqueIdentifier>{ce34e806-09b8-412f-8c29-e5e45348fe3b}</UniqueIdentifier>
    </Filter>
    <Filter Include="Source Files\Config">
      <UniqueIdentifier>{e435be88-e4b2-40bb-9cff-9c8a9f54ab46}</UniqueIdentifier>
    </Filter>
    <Filter Include="Source Files\UI">
      <UniqueIdentifier>{cfd9396b-2e45-48e5-84dc-b7c15f3b901b}</UniqueIdentifier>
    </Filter>
    <Filter Include="Source Files\Debug">
      <UniqueIdentifier>{89663781-9c46-4bf8-9934-92efb95fe622}</UniqueIdentifier>
    </Filter>
    <Filter Include="Source Files\Debug\FPS">
      <UniqueIdentifier>{17b587c1-a616-4199-9dc5-9d610ecdad4c}</UniqueIdentifier>
    </Filter>
    <Filter Include="Source Files\DeferredTasks">
      <UniqueIdentifier>{21bac9b2-ecb8-4fef-bdb4-2ba17695b4db}</UniqueIdentifier>
    </Filter>
    <Filter Include="Source Files\Transform">
      <UniqueIdentifier>{6817a596-ae56-4935-a63c-29ba8139d6f6}</UniqueIdentifier>
    </Filter>
  </ItemGroup>
  <ItemGroup>
    <ClCompile Include="Src\Engine.cpp">
      <Filter>Source Files</Filter>
    </ClCompile>
    <ClCompile Include="Src\Entity.cpp">
      <Filter>Source Files\ECS</Filter>
    </ClCompile>
    <ClCompile Include="Src\World.cpp">
      <Filter>Source Files\ECS</Filter>
    </ClCompile>
    <ClCompile Include="Src\CameraComponent.cpp">
      <Filter>Source Files\Rendering\Camera</Filter>
    </ClCompile>
    <ClCompile Include="Src\CameraSystem.cpp">
      <Filter>Source Files\Rendering\Camera</Filter>
    </ClCompile>
    <ClCompile Include="Src\MeshRenderingComponent.cpp">
      <Filter>Source Files\Rendering\MeshRendering</Filter>
    </ClCompile>
    <ClCompile Include="Src\InputSystem.cpp">
      <Filter>Source Files\Input</Filter>
    </ClCompile>
    <ClCompile Include="Src\InputWorldComponent.cpp">
      <Filter>Source Files\Input</Filter>
    </ClCompile>
    <ClCompile Include="Src\EnginePCH.cpp">
      <Filter>Source Files</Filter>
    </ClCompile>
    <ClCompile Include="Src\ViewportWorldComponent.cpp">
      <Filter>Source Files\Viewport</Filter>
    </ClCompile>
    <ClCompile Include="Src\ResourceManager.cpp">
      <Filter>Source Files\Resources</Filter>
    </ClCompile>
    <ClCompile Include="Src\TimeWorldComponent.cpp">
      <Filter>Source Files\Time</Filter>
    </ClCompile>
    <ClCompile Include="Src\TimeSystem.cpp">
      <Filter>Source Files\Time</Filter>
    </ClCompile>
    <ClCompile Include="Src\MovementSystem.cpp">
      <Filter>Source Files\Movement</Filter>
    </ClCompile>
    <ClCompile Include="Src\FreeFloatMovementComponent.cpp">
      <Filter>Source Files\Movement</Filter>
    </ClCompile>
    <ClCompile Include="Src\CoreConfig.cpp">
      <Filter>Source Files\Config</Filter>
    </ClCompile>
    <ClCompile Include="Src\FontResource.cpp">
      <Filter>Source Files\Resources</Filter>
    </ClCompile>
    <ClCompile Include="Src\Text2D.cpp">
      <Filter>Source Files\UI</Filter>
    </ClCompile>
    <ClCompile Include="Src\DebugWorldComponent.cpp">
      <Filter>Source Files\Debug</Filter>
    </ClCompile>
    <ClCompile Include="Src\FPSSystem.cpp">
      <Filter>Source Files\Debug\FPS</Filter>
    </ClCompile>
    <ClCompile Include="Src\TextureResource.cpp">
      <Filter>Source Files\Resources</Filter>
    </ClCompile>
    <ClCompile Include="Src\Mesh.cpp">
      <Filter>Source Files\Rendering</Filter>
    </ClCompile>
    <ClCompile Include="Src\MeshResource.cpp">
      <Filter>Source Files\Resources</Filter>
    </ClCompile>
    <ClCompile Include="Src\TransformComponent.cpp">
      <Filter>Source Files\Transform</Filter>
    </ClCompile>
    <ClCompile Include="Src\DeferredTaskSystem.cpp">
      <Filter>Source Files\DeferredTasks</Filter>
    </ClCompile>
    <ClCompile Include="Src\RenderingSystem.cpp">
      <Filter>Source Files\Rendering</Filter>
    </ClCompile>
  </ItemGroup>
  <ItemGroup>
    <ClInclude Include="Src\Engine.hpp">
      <Filter>Source Files</Filter>
    </ClInclude>
    <ClInclude Include="Src\Entity.hpp">
      <Filter>Source Files\ECS</Filter>
    </ClInclude>
    <ClInclude Include="Src\World.hpp">
      <Filter>Source Files\ECS</Filter>
    </ClInclude>
    <ClInclude Include="Src\ComponentBase.hpp">
      <Filter>Source Files\ECS</Filter>
    </ClInclude>
    <ClInclude Include="Src\InputQueue.hpp">
      <Filter>Source Files\Input</Filter>
    </ClInclude>
    <ClInclude Include="Src\KeyBindings.hpp">
      <Filter>Source Files\Input</Filter>
    </ClInclude>
    <ClInclude Include="Src\CameraComponent.hpp">
      <Filter>Source Files\Rendering\Camera</Filter>
    </ClInclude>
    <ClInclude Include="Src\CameraSystem.hpp">
      <Filter>Source Files\Rendering\Camera</Filter>
    </ClInclude>
    <ClInclude Include="Src\MeshRenderingComponent.hpp">
      <Filter>Source Files\Rendering\MeshRendering</Filter>
    </ClInclude>
    <ClInclude Include="Src\InputWorldComponent.hpp">
      <Filter>Source Files\Input</Filter>
    </ClInclude>
    <ClInclude Include="Src\InputSystem.hpp">
      <Filter>Source Files\Input</Filter>
    </ClInclude>
    <ClInclude Include="Src\EnginePCH.hpp">
      <Filter>Source Files</Filter>
    </ClInclude>
    <ClInclude Include="Src\Viewport.hpp">
      <Filter>Source Files\Viewport</Filter>
    </ClInclude>
    <ClInclude Include="Src\ViewportWorldComponent.hpp">
      <Filter>Source Files\Viewport</Filter>
    </ClInclude>
    <ClInclude Include="Src\ResourceManager.hpp">
      <Filter>Source Files\Resources</Filter>
    </ClInclude>
    <ClInclude Include="Src\TimeWorldComponent.hpp">
      <Filter>Source Files\Time</Filter>
    </ClInclude>
    <ClInclude Include="Src\TimeSystem.hpp">
      <Filter>Source Files\Time</Filter>
    </ClInclude>
    <ClInclude Include="Src\Timer.hpp">
      <Filter>Source Files\Time</Filter>
    </ClInclude>
    <ClInclude Include="Src\ResourceBase.hpp">
      <Filter>Source Files\Resources</Filter>
    </ClInclude>
    <ClInclude Include="Src\MovementSystem.hpp">
      <Filter>Source Files\Movement</Filter>
    </ClInclude>
    <ClInclude Include="Src\FreeFloatMovementComponent.hpp">
      <Filter>Source Files\Movement</Filter>
    </ClInclude>
    <ClInclude Include="Src\CoreConfig.hpp">
      <Filter>Source Files\Config</Filter>
    </ClInclude>
    <ClInclude Include="Src\FontResource.hpp">
      <Filter>Source Files\Resources</Filter>
    </ClInclude>
    <ClInclude Include="Src\Text2D.hpp">
      <Filter>Source Files\UI</Filter>
    </ClInclude>
    <ClInclude Include="Src\ScreenSpaceTextComponent.hpp">
      <Filter>Source Files\UI</Filter>
    </ClInclude>
    <ClInclude Include="Src\DebugWorldComponent.hpp">
      <Filter>Source Files\Debug</Filter>
    </ClInclude>
    <ClInclude Include="Src\FPSSystem.hpp">
      <Filter>Source Files\Debug\FPS</Filter>
    </ClInclude>
    <ClInclude Include="Src\IRenderingDevice.hpp">
      <Filter>Source Files\Rendering</Filter>
    </ClInclude>
    <ClInclude Include="Src\TextureResource.hpp">
      <Filter>Source Files\Resources</Filter>
    </ClInclude>
    <ClInclude Include="Src\Mesh.hpp">
      <Filter>Source Files\Rendering</Filter>
    </ClInclude>
    <ClInclude Include="Src\MeshResource.hpp">
      <Filter>Source Files\Resources</Filter>
    </ClInclude>
    <ClInclude Include="Src\TransformComponent.hpp">
      <Filter>Source Files\Transform</Filter>
    </ClInclude>
    <ClInclude Include="Src\DeferredTaskBase.hpp">
      <Filter>Source Files\DeferredTasks</Filter>
    </ClInclude>
    <ClInclude Include="Src\DeferredTaskImplementation.hpp">
      <Filter>Source Files\DeferredTasks</Filter>
    </ClInclude>
    <ClInclude Include="Src\DeferredTaskSystem.hpp">
      <Filter>Source Files\DeferredTasks</Filter>
    </ClInclude>
    <ClInclude Include="Src\DeferredTaskWorldComponent.hpp">
      <Filter>Source Files\DeferredTasks</Filter>
    </ClInclude>
    <ClInclude Include="Src\RenderingSystem.hpp">
      <Filter>Source Files\Rendering</Filter>
    </ClInclude>
  </ItemGroup>
</Project>